// !$*UTF8*$!
{
	archiveVersion = 1;
	classes = {
	};
	objectVersion = 77;
	objects = {

/* Begin PBXBuildFile section */
		762B87B62D20024400884CE1 /* main.swift in Sources */ = {isa = PBXBuildFile; fileRef = 762B87B52D20024400884CE1 /* main.swift */; };
		762B87B82D20478C00884CE1 /* Solvable.swift in Sources */ = {isa = PBXBuildFile; fileRef = 762B87B72D20478C00884CE1 /* Solvable.swift */; };
		762B87B92D20481D00884CE1 /* 2744.swift in Sources */ = {isa = PBXBuildFile; fileRef = 762B87B32D1FFC3000884CE1 /* 2744.swift */; };
		762B87BA2D2049B000884CE1 /* 1000.swift in Sources */ = {isa = PBXBuildFile; fileRef = 76FCDF4F2D087FDD00E47010 /* 1000.swift */; };
		762B87BB2D2152F200884CE1 /* 1001.swift in Sources */ = {isa = PBXBuildFile; fileRef = 76FCDF5B2D088A3200E47010 /* 1001.swift */; };
		762B87BC2D21532500884CE1 /* 1008.swift in Sources */ = {isa = PBXBuildFile; fileRef = 76FCDF5D2D088BA600E47010 /* 1008.swift */; };
		762B87BD2D21535B00884CE1 /* 1330.swift in Sources */ = {isa = PBXBuildFile; fileRef = 767C24102D0E94D800777215 /* 1330.swift */; };
		762B87BE2D21539B00884CE1 /* 2420.swift in Sources */ = {isa = PBXBuildFile; fileRef = 767C24182D0FF5B200777215 /* 2420.swift */; };
		762B87BF2D2153BE00884CE1 /* 2438.swift in Sources */ = {isa = PBXBuildFile; fileRef = 762B87A32D1707BB00884CE1 /* 2438.swift */; };
		762B87C02D21562200884CE1 /* 2557.swift in Sources */ = {isa = PBXBuildFile; fileRef = 76FCDF612D090F8300E47010 /* 2557.swift */; };
		762B87C12D21565600884CE1 /* 2738.swift in Sources */ = {isa = PBXBuildFile; fileRef = 762B87AD2D1C4E6D00884CE1 /* 2738.swift */; };
		762B87C22D2156D900884CE1 /* 2739.swift in Sources */ = {isa = PBXBuildFile; fileRef = 767C24242D158BF500777215 /* 2739.swift */; };
		762B87C32D2156F800884CE1 /* 2741.swift in Sources */ = {isa = PBXBuildFile; fileRef = 767C241A2D11260B00777215 /* 2741.swift */; };
		762B87C42D21571A00884CE1 /* 2743.swift in Sources */ = {isa = PBXBuildFile; fileRef = 762B87B12D1EEBDB00884CE1 /* 2743.swift */; };
		762B87C52D21577C00884CE1 /* 2753.swift in Sources */ = {isa = PBXBuildFile; fileRef = 767C24162D0FF2A400777215 /* 2753.swift */; };
		762B87C62D2157B800884CE1 /* 5597.swift in Sources */ = {isa = PBXBuildFile; fileRef = 762B87AB2D1B009700884CE1 /* 5597.swift */; };
		762B87C72D2157EE00884CE1 /* 7287.swift in Sources */ = {isa = PBXBuildFile; fileRef = 764AE0242D0A7CD700CB69ED /* 7287.swift */; };
		762B87C82D21582A00884CE1 /* 9498.swift in Sources */ = {isa = PBXBuildFile; fileRef = 767C24122D0E9F7D00777215 /* 9498.swift */; };
		762B87C92D21585600884CE1 /* 10171.swift in Sources */ = {isa = PBXBuildFile; fileRef = 76B51B802D0BE81500F5AD22 /* 10171.swift */; };
		762B87CA2D21588400884CE1 /* 10172.swift in Sources */ = {isa = PBXBuildFile; fileRef = 76B51B842D0BE99A00F5AD22 /* 10172.swift */; };
		762B87CB2D2158DD00884CE1 /* 10699.swift in Sources */ = {isa = PBXBuildFile; fileRef = 76FCDF632D092CD100E47010 /* 10699.swift */; };
		762B87CC2D2158F700884CE1 /* 10807.swift in Sources */ = {isa = PBXBuildFile; fileRef = 762B87A92D19A03000884CE1 /* 10807.swift */; };
		762B87CD2D21593D00884CE1 /* 10869.swift in Sources */ = {isa = PBXBuildFile; fileRef = 76B51B8A2D0D71B500F5AD22 /* 10869.swift */; };
		762B87CE2D21597B00884CE1 /* 10871.swift in Sources */ = {isa = PBXBuildFile; fileRef = 762B87A72D183BB300884CE1 /* 10871.swift */; };
		762B87CF2D2159BE00884CE1 /* 10872.swift in Sources */ = {isa = PBXBuildFile; fileRef = 767C241C2D12E46B00777215 /* 10872.swift */; };
		762B87D02D2159E000884CE1 /* 10950.swift in Sources */ = {isa = PBXBuildFile; fileRef = 767C241E2D1304B300777215 /* 10950.swift */; };
		762B87D12D215A1B00884CE1 /* 10951.swift in Sources */ = {isa = PBXBuildFile; fileRef = 762B87A52D17099B00884CE1 /* 10951.swift */; };
		762B87D22D215A3D00884CE1 /* 10952.swift in Sources */ = {isa = PBXBuildFile; fileRef = 767C24202D1422C000777215 /* 10952.swift */; };
		762B87D32D215A6700884CE1 /* 10998.swift in Sources */ = {isa = PBXBuildFile; fileRef = 76B51B882D0D70DF00F5AD22 /* 10998.swift */; };
		762B87D42D215A9F00884CE1 /* 11382.swift in Sources */ = {isa = PBXBuildFile; fileRef = 76B51B8C2D0D73D400F5AD22 /* 11382.swift */; };
		762B87D52D215ABA00884CE1 /* 11654.swift in Sources */ = {isa = PBXBuildFile; fileRef = 762B87AF2D1D686E00884CE1 /* 11654.swift */; };
		762B87D62D215AF800884CE1 /* 14681.swift in Sources */ = {isa = PBXBuildFile; fileRef = 767C24142D0FF0F100777215 /* 14681.swift */; };
		762B87D72D215B2300884CE1 /* 25083.swift in Sources */ = {isa = PBXBuildFile; fileRef = 76B51B862D0BEAA100F5AD22 /* 25083.swift */; };
		762B87D92D215D0200884CE1 /* 2754.swift in Sources */ = {isa = PBXBuildFile; fileRef = 762B87D82D215D0200884CE1 /* 2754.swift */; };
		762B87DE2D22542900884CE1 /* RhynoFileIO.swift in Sources */ = {isa = PBXBuildFile; fileRef = 762B87DD2D22542900884CE1 /* RhynoFileIO.swift */; };
		762B87E22D22551500884CE1 /* 15552.swift in Sources */ = {isa = PBXBuildFile; fileRef = 762B87E12D22551500884CE1 /* 15552.swift */; };
		762B87E42D240FE400884CE1 /* 27866.swift in Sources */ = {isa = PBXBuildFile; fileRef = 762B87E32D240FE400884CE1 /* 27866.swift */; };
		762B87E62D24DD6600884CE1 /* 11718.swift in Sources */ = {isa = PBXBuildFile; fileRef = 762B87E52D24DD6600884CE1 /* 11718.swift */; };
		762B87E82D265D8800884CE1 /* 9086.swift in Sources */ = {isa = PBXBuildFile; fileRef = 762B87E72D265D8800884CE1 /* 9086.swift */; };
		762B87EC2D27B95800884CE1 /* 15964.swift in Sources */ = {isa = PBXBuildFile; fileRef = 762B87EB2D27B95800884CE1 /* 15964.swift */; };
		762B87FF2D2908BD00884CE1 /* 2475.swift in Sources */ = {isa = PBXBuildFile; fileRef = 762B87FE2D2908BD00884CE1 /* 2475.swift */; };
		762B88012D2A591300884CE1 /* 10926.swift in Sources */ = {isa = PBXBuildFile; fileRef = 762B88002D2A591300884CE1 /* 10926.swift */; };
		76A72A932D2B90CD0050A3C9 /* 18108.swift in Sources */ = {isa = PBXBuildFile; fileRef = 76A72A922D2B90CD0050A3C9 /* 18108.swift */; };
		76A72A952D2CDCE00050A3C9 /* 10430.swift in Sources */ = {isa = PBXBuildFile; fileRef = 76A72A942D2CDCE00050A3C9 /* 10430.swift */; };
		76A72A972D2CDF7B0050A3C9 /* 2588.swift in Sources */ = {isa = PBXBuildFile; fileRef = 76A72A962D2CDF7B0050A3C9 /* 2588.swift */; };
		76A72A992D2E38570050A3C9 /* 2884.swift in Sources */ = {isa = PBXBuildFile; fileRef = 76A72A982D2E38570050A3C9 /* 2884.swift */; };
		76A72A9B2D2F93400050A3C9 /* 2525.swift in Sources */ = {isa = PBXBuildFile; fileRef = 76A72A9A2D2F93400050A3C9 /* 2525.swift */; };
		76A72A9D2D30E6F90050A3C9 /* 2480.swift in Sources */ = {isa = PBXBuildFile; fileRef = 76A72A9C2D30E6F90050A3C9 /* 2480.swift */; };
		76A72A9F2D322DB10050A3C9 /* 8393.swift in Sources */ = {isa = PBXBuildFile; fileRef = 76A72A9E2D322DB10050A3C9 /* 8393.swift */; };
		76A72AB42D3399740050A3C9 /* 25304.swift in Sources */ = {isa = PBXBuildFile; fileRef = 76A72AB32D3399740050A3C9 /* 25304.swift */; };
		76A72AB62D34C2610050A3C9 /* 25314.swift in Sources */ = {isa = PBXBuildFile; fileRef = 76A72AB52D34C2610050A3C9 /* 25314.swift */; };
		76A72AB82D36191E0050A3C9 /* 11021.swift in Sources */ = {isa = PBXBuildFile; fileRef = 76A72AB72D36191E0050A3C9 /* 11021.swift */; };
		76A72ABA2D378B650050A3C9 /* 11022.swift in Sources */ = {isa = PBXBuildFile; fileRef = 76A72AB92D378B650050A3C9 /* 11022.swift */; };
		76A72ABC2D38EBFD0050A3C9 /* 2439.swift in Sources */ = {isa = PBXBuildFile; fileRef = 76A72ABB2D38EBFD0050A3C9 /* 2439.swift */; };
		76A72ABE2D3A23610050A3C9 /* 10818.swift in Sources */ = {isa = PBXBuildFile; fileRef = 76A72ABD2D3A23610050A3C9 /* 10818.swift */; };
		76A72AC02D3B97E90050A3C9 /* 2562.swift in Sources */ = {isa = PBXBuildFile; fileRef = 76A72ABF2D3B97E90050A3C9 /* 2562.swift */; };
		76A72AC22D3CB2C50050A3C9 /* 10810.swift in Sources */ = {isa = PBXBuildFile; fileRef = 76A72AC12D3CB2C50050A3C9 /* 10810.swift */; };
		76A72AC42D3E2E4C0050A3C9 /* 10813.swift in Sources */ = {isa = PBXBuildFile; fileRef = 76A72AC32D3E2E4C0050A3C9 /* 10813.swift */; };
		76A72AC62D3F596A0050A3C9 /* 3052.swift in Sources */ = {isa = PBXBuildFile; fileRef = 76A72AC52D3F596A0050A3C9 /* 3052.swift */; };
		76A72AC82D40B2DD0050A3C9 /* 10811.swift in Sources */ = {isa = PBXBuildFile; fileRef = 76A72AC72D40B2DD0050A3C9 /* 10811.swift */; };
		76A72ACA2D4216E60050A3C9 /* 1546.swift in Sources */ = {isa = PBXBuildFile; fileRef = 76A72AC92D4216E50050A3C9 /* 1546.swift */; };
/* End PBXBuildFile section */

/* Begin PBXCopyFilesBuildPhase section */
		76FCDF2E2D08799F00E47010 /* CopyFiles */ = {
			isa = PBXCopyFilesBuildPhase;
			buildActionMask = 2147483647;
			dstPath = /usr/share/man/man1/;
			dstSubfolderSpec = 0;
			files = (
			);
			runOnlyForDeploymentPostprocessing = 1;
		};
/* End PBXCopyFilesBuildPhase section */

/* Begin PBXFileReference section */
		762B87A32D1707BB00884CE1 /* 2438.swift */ = {isa = PBXFileReference; lastKnownFileType = sourcecode.swift; path = 2438.swift; sourceTree = "<group>"; };
		762B87A52D17099B00884CE1 /* 10951.swift */ = {isa = PBXFileReference; lastKnownFileType = sourcecode.swift; path = 10951.swift; sourceTree = "<group>"; };
		762B87A72D183BB300884CE1 /* 10871.swift */ = {isa = PBXFileReference; lastKnownFileType = sourcecode.swift; path = 10871.swift; sourceTree = "<group>"; };
		762B87A92D19A03000884CE1 /* 10807.swift */ = {isa = PBXFileReference; lastKnownFileType = sourcecode.swift; path = 10807.swift; sourceTree = "<group>"; };
		762B87AB2D1B009700884CE1 /* 5597.swift */ = {isa = PBXFileReference; lastKnownFileType = sourcecode.swift; path = 5597.swift; sourceTree = "<group>"; };
		762B87AD2D1C4E6D00884CE1 /* 2738.swift */ = {isa = PBXFileReference; lastKnownFileType = sourcecode.swift; path = 2738.swift; sourceTree = "<group>"; };
		762B87AF2D1D686E00884CE1 /* 11654.swift */ = {isa = PBXFileReference; lastKnownFileType = sourcecode.swift; path = 11654.swift; sourceTree = "<group>"; };
		762B87B12D1EEBDB00884CE1 /* 2743.swift */ = {isa = PBXFileReference; lastKnownFileType = sourcecode.swift; path = 2743.swift; sourceTree = "<group>"; };
		762B87B32D1FFC3000884CE1 /* 2744.swift */ = {isa = PBXFileReference; lastKnownFileType = sourcecode.swift; path = 2744.swift; sourceTree = "<group>"; };
		762B87B52D20024400884CE1 /* main.swift */ = {isa = PBXFileReference; lastKnownFileType = sourcecode.swift; path = main.swift; sourceTree = "<group>"; };
		762B87B72D20478C00884CE1 /* Solvable.swift */ = {isa = PBXFileReference; lastKnownFileType = sourcecode.swift; path = Solvable.swift; sourceTree = "<group>"; };
		762B87D82D215D0200884CE1 /* 2754.swift */ = {isa = PBXFileReference; lastKnownFileType = sourcecode.swift; path = 2754.swift; sourceTree = "<group>"; };
		762B87DD2D22542900884CE1 /* RhynoFileIO.swift */ = {isa = PBXFileReference; lastKnownFileType = sourcecode.swift; path = RhynoFileIO.swift; sourceTree = "<group>"; };
		762B87E12D22551500884CE1 /* 15552.swift */ = {isa = PBXFileReference; lastKnownFileType = sourcecode.swift; path = 15552.swift; sourceTree = "<group>"; };
		762B87E32D240FE400884CE1 /* 27866.swift */ = {isa = PBXFileReference; lastKnownFileType = sourcecode.swift; path = 27866.swift; sourceTree = "<group>"; };
		762B87E52D24DD6600884CE1 /* 11718.swift */ = {isa = PBXFileReference; lastKnownFileType = sourcecode.swift; path = 11718.swift; sourceTree = "<group>"; };
		762B87E72D265D8800884CE1 /* 9086.swift */ = {isa = PBXFileReference; lastKnownFileType = sourcecode.swift; path = 9086.swift; sourceTree = "<group>"; };
		762B87EB2D27B95800884CE1 /* 15964.swift */ = {isa = PBXFileReference; lastKnownFileType = sourcecode.swift; path = 15964.swift; sourceTree = "<group>"; };
		762B87FE2D2908BD00884CE1 /* 2475.swift */ = {isa = PBXFileReference; lastKnownFileType = sourcecode.swift; path = 2475.swift; sourceTree = "<group>"; };
		762B88002D2A591300884CE1 /* 10926.swift */ = {isa = PBXFileReference; lastKnownFileType = sourcecode.swift; path = 10926.swift; sourceTree = "<group>"; };
		764AE0242D0A7CD700CB69ED /* 7287.swift */ = {isa = PBXFileReference; lastKnownFileType = sourcecode.swift; path = 7287.swift; sourceTree = "<group>"; };
		767C24102D0E94D800777215 /* 1330.swift */ = {isa = PBXFileReference; lastKnownFileType = sourcecode.swift; path = 1330.swift; sourceTree = "<group>"; };
		767C24122D0E9F7D00777215 /* 9498.swift */ = {isa = PBXFileReference; lastKnownFileType = sourcecode.swift; path = 9498.swift; sourceTree = "<group>"; };
		767C24142D0FF0F100777215 /* 14681.swift */ = {isa = PBXFileReference; lastKnownFileType = sourcecode.swift; path = 14681.swift; sourceTree = "<group>"; };
		767C24162D0FF2A400777215 /* 2753.swift */ = {isa = PBXFileReference; lastKnownFileType = sourcecode.swift; path = 2753.swift; sourceTree = "<group>"; };
		767C24182D0FF5B200777215 /* 2420.swift */ = {isa = PBXFileReference; lastKnownFileType = sourcecode.swift; path = 2420.swift; sourceTree = "<group>"; };
		767C241A2D11260B00777215 /* 2741.swift */ = {isa = PBXFileReference; lastKnownFileType = sourcecode.swift; path = 2741.swift; sourceTree = "<group>"; };
		767C241C2D12E46B00777215 /* 10872.swift */ = {isa = PBXFileReference; lastKnownFileType = sourcecode.swift; path = 10872.swift; sourceTree = "<group>"; };
		767C241E2D1304B300777215 /* 10950.swift */ = {isa = PBXFileReference; lastKnownFileType = sourcecode.swift; path = 10950.swift; sourceTree = "<group>"; };
		767C24202D1422C000777215 /* 10952.swift */ = {isa = PBXFileReference; lastKnownFileType = sourcecode.swift; path = 10952.swift; sourceTree = "<group>"; };
		767C24242D158BF500777215 /* 2739.swift */ = {isa = PBXFileReference; lastKnownFileType = sourcecode.swift; path = 2739.swift; sourceTree = "<group>"; };
		76A72A922D2B90CD0050A3C9 /* 18108.swift */ = {isa = PBXFileReference; lastKnownFileType = sourcecode.swift; path = 18108.swift; sourceTree = "<group>"; };
		76A72A942D2CDCE00050A3C9 /* 10430.swift */ = {isa = PBXFileReference; lastKnownFileType = sourcecode.swift; path = 10430.swift; sourceTree = "<group>"; };
		76A72A962D2CDF7B0050A3C9 /* 2588.swift */ = {isa = PBXFileReference; lastKnownFileType = sourcecode.swift; path = 2588.swift; sourceTree = "<group>"; };
		76A72A982D2E38570050A3C9 /* 2884.swift */ = {isa = PBXFileReference; lastKnownFileType = sourcecode.swift; path = 2884.swift; sourceTree = "<group>"; };
		76A72A9A2D2F93400050A3C9 /* 2525.swift */ = {isa = PBXFileReference; lastKnownFileType = sourcecode.swift; path = 2525.swift; sourceTree = "<group>"; };
		76A72A9C2D30E6F90050A3C9 /* 2480.swift */ = {isa = PBXFileReference; lastKnownFileType = sourcecode.swift; path = 2480.swift; sourceTree = "<group>"; };
		76A72A9E2D322DB10050A3C9 /* 8393.swift */ = {isa = PBXFileReference; lastKnownFileType = sourcecode.swift; path = 8393.swift; sourceTree = "<group>"; };
		76A72AB32D3399740050A3C9 /* 25304.swift */ = {isa = PBXFileReference; lastKnownFileType = sourcecode.swift; path = 25304.swift; sourceTree = "<group>"; };
		76A72AB52D34C2610050A3C9 /* 25314.swift */ = {isa = PBXFileReference; lastKnownFileType = sourcecode.swift; path = 25314.swift; sourceTree = "<group>"; };
		76A72AB72D36191E0050A3C9 /* 11021.swift */ = {isa = PBXFileReference; lastKnownFileType = sourcecode.swift; path = 11021.swift; sourceTree = "<group>"; };
		76A72AB92D378B650050A3C9 /* 11022.swift */ = {isa = PBXFileReference; lastKnownFileType = sourcecode.swift; path = 11022.swift; sourceTree = "<group>"; };
		76A72ABB2D38EBFD0050A3C9 /* 2439.swift */ = {isa = PBXFileReference; lastKnownFileType = sourcecode.swift; path = 2439.swift; sourceTree = "<group>"; };
		76A72ABD2D3A23610050A3C9 /* 10818.swift */ = {isa = PBXFileReference; lastKnownFileType = sourcecode.swift; path = 10818.swift; sourceTree = "<group>"; };
		76A72ABF2D3B97E90050A3C9 /* 2562.swift */ = {isa = PBXFileReference; lastKnownFileType = sourcecode.swift; path = 2562.swift; sourceTree = "<group>"; };
		76A72AC12D3CB2C50050A3C9 /* 10810.swift */ = {isa = PBXFileReference; lastKnownFileType = sourcecode.swift; path = 10810.swift; sourceTree = "<group>"; };
		76A72AC32D3E2E4C0050A3C9 /* 10813.swift */ = {isa = PBXFileReference; lastKnownFileType = sourcecode.swift; path = 10813.swift; sourceTree = "<group>"; };
		76A72AC52D3F596A0050A3C9 /* 3052.swift */ = {isa = PBXFileReference; lastKnownFileType = sourcecode.swift; path = 3052.swift; sourceTree = "<group>"; };
		76A72AC72D40B2DD0050A3C9 /* 10811.swift */ = {isa = PBXFileReference; lastKnownFileType = sourcecode.swift; path = 10811.swift; sourceTree = "<group>"; };
		76A72AC92D4216E50050A3C9 /* 1546.swift */ = {isa = PBXFileReference; lastKnownFileType = sourcecode.swift; path = 1546.swift; sourceTree = "<group>"; };
		76B51B802D0BE81500F5AD22 /* 10171.swift */ = {isa = PBXFileReference; lastKnownFileType = sourcecode.swift; path = 10171.swift; sourceTree = "<group>"; };
		76B51B842D0BE99A00F5AD22 /* 10172.swift */ = {isa = PBXFileReference; lastKnownFileType = sourcecode.swift; path = 10172.swift; sourceTree = "<group>"; };
		76B51B862D0BEAA100F5AD22 /* 25083.swift */ = {isa = PBXFileReference; lastKnownFileType = sourcecode.swift; path = 25083.swift; sourceTree = "<group>"; };
		76B51B882D0D70DF00F5AD22 /* 10998.swift */ = {isa = PBXFileReference; lastKnownFileType = sourcecode.swift; path = 10998.swift; sourceTree = "<group>"; };
		76B51B8A2D0D71B500F5AD22 /* 10869.swift */ = {isa = PBXFileReference; lastKnownFileType = sourcecode.swift; path = 10869.swift; sourceTree = "<group>"; };
		76B51B8C2D0D73D400F5AD22 /* 11382.swift */ = {isa = PBXFileReference; lastKnownFileType = sourcecode.swift; path = 11382.swift; sourceTree = "<group>"; };
		76FCDF302D08799F00E47010 /* Algorithm_Swift */ = {isa = PBXFileReference; explicitFileType = "compiled.mach-o.executable"; includeInIndex = 0; path = Algorithm_Swift; sourceTree = BUILT_PRODUCTS_DIR; };
		76FCDF4F2D087FDD00E47010 /* 1000.swift */ = {isa = PBXFileReference; lastKnownFileType = sourcecode.swift; path = 1000.swift; sourceTree = "<group>"; };
		76FCDF5B2D088A3200E47010 /* 1001.swift */ = {isa = PBXFileReference; lastKnownFileType = sourcecode.swift; path = 1001.swift; sourceTree = "<group>"; };
		76FCDF5D2D088BA600E47010 /* 1008.swift */ = {isa = PBXFileReference; lastKnownFileType = sourcecode.swift; path = 1008.swift; sourceTree = "<group>"; };
		76FCDF612D090F8300E47010 /* 2557.swift */ = {isa = PBXFileReference; lastKnownFileType = sourcecode.swift; path = 2557.swift; sourceTree = "<group>"; };
		76FCDF632D092CD100E47010 /* 10699.swift */ = {isa = PBXFileReference; lastKnownFileType = sourcecode.swift; path = 10699.swift; sourceTree = "<group>"; };
/* End PBXFileReference section */

/* Begin PBXFrameworksBuildPhase section */
		76FCDF2D2D08799F00E47010 /* Frameworks */ = {
			isa = PBXFrameworksBuildPhase;
			buildActionMask = 2147483647;
			files = (
			);
			runOnlyForDeploymentPostprocessing = 0;
		};
/* End PBXFrameworksBuildPhase section */

/* Begin PBXGroup section */
		762B87DC2D22540E00884CE1 /* Utility */ = {
			isa = PBXGroup;
			children = (
				762B87DD2D22542900884CE1 /* RhynoFileIO.swift */,
			);
			path = Utility;
			sourceTree = "<group>";
		};
		762B87ED2D27BB6A00884CE1 /* 단계별 */ = {
			isa = PBXGroup;
			children = (
				762B87EE2D27BB7E00884CE1 /* 1. 입출력과 사칙연산 */,
				762B87EF2D27BD3000884CE1 /* 2. 조건문 */,
				762B87F02D27BDAC00884CE1 /* 3. 반복문 */,
				762B87F12D27BE7700884CE1 /* 4. 1차원 배열 */,
				762B87F22D27BEFC00884CE1 /* 5. 문자열 */,
				762B87F32D27BF6000884CE1 /* 6. 심화 1 */,
				762B87F42D27BFA000884CE1 /* 7. 2차원 배열 */,
				762B87F52D27C01400884CE1 /* 8. 일반 수학 1 */,
				762B87F62D27C02000884CE1 /* 9. 약수, 배수와 소수 */,
				762B87F72D27C04100884CE1 /* 10. 기하_직사각형과 삼각형 */,
				762B87F82D27C17600884CE1 /* 11. 시간 복잡도 */,
				762B87F92D27C18E00884CE1 /* 12. 브루트 포스 */,
				762B87FA2D27C19D00884CE1 /* 13. 정렬 */,
				762B87FB2D27C1AB00884CE1 /* 14. 집합과 맵 */,
				762B87FC2D27C1C100884CE1 /* 15. 약수, 배수와 소수 2 */,
				762B87FD2D27C1CF00884CE1 /* 16. 스택, 큐, 덱 */,
			);
			name = "단계별";
			path = "단계별";
			sourceTree = "<group>";
		};
		762B87EE2D27BB7E00884CE1 /* 1. 입출력과 사칙연산 */ = {
			isa = PBXGroup;
			children = (
				76FCDF612D090F8300E47010 /* 2557.swift */,
				76FCDF4F2D087FDD00E47010 /* 1000.swift */,
				76FCDF5B2D088A3200E47010 /* 1001.swift */,
				76B51B882D0D70DF00F5AD22 /* 10998.swift */,
				76FCDF5D2D088BA600E47010 /* 1008.swift */,
				76B51B8A2D0D71B500F5AD22 /* 10869.swift */,
				762B88002D2A591300884CE1 /* 10926.swift */,
				76A72A922D2B90CD0050A3C9 /* 18108.swift */,
				76A72A942D2CDCE00050A3C9 /* 10430.swift */,
				76A72A962D2CDF7B0050A3C9 /* 2588.swift */,
				76B51B8C2D0D73D400F5AD22 /* 11382.swift */,
				76B51B802D0BE81500F5AD22 /* 10171.swift */,
				76B51B842D0BE99A00F5AD22 /* 10172.swift */,
			);
			name = "1. 입출력과 사칙연산";
			path = "1. 입출력과 사칙연산";
			sourceTree = "<group>";
		};
		762B87EF2D27BD3000884CE1 /* 2. 조건문 */ = {
			isa = PBXGroup;
			children = (
				767C24102D0E94D800777215 /* 1330.swift */,
				767C24122D0E9F7D00777215 /* 9498.swift */,
				767C24162D0FF2A400777215 /* 2753.swift */,
				767C24142D0FF0F100777215 /* 14681.swift */,
				76A72A982D2E38570050A3C9 /* 2884.swift */,
				76A72A9A2D2F93400050A3C9 /* 2525.swift */,
				76A72A9C2D30E6F90050A3C9 /* 2480.swift */,
			);
			path = "2. 조건문";
			sourceTree = "<group>";
		};
		762B87F02D27BDAC00884CE1 /* 3. 반복문 */ = {
			isa = PBXGroup;
			children = (
				767C24242D158BF500777215 /* 2739.swift */,
				767C241E2D1304B300777215 /* 10950.swift */,
				76A72A9E2D322DB10050A3C9 /* 8393.swift */,
				76A72AB32D3399740050A3C9 /* 25304.swift */,
				76A72AB52D34C2610050A3C9 /* 25314.swift */,
				762B87E12D22551500884CE1 /* 15552.swift */,
				76A72AB72D36191E0050A3C9 /* 11021.swift */,
				76A72AB92D378B650050A3C9 /* 11022.swift */,
				762B87A32D1707BB00884CE1 /* 2438.swift */,
				76A72ABB2D38EBFD0050A3C9 /* 2439.swift */,
				767C24202D1422C000777215 /* 10952.swift */,
				762B87A52D17099B00884CE1 /* 10951.swift */,
			);
			path = "3. 반복문";
			sourceTree = "<group>";
		};
		762B87F12D27BE7700884CE1 /* 4. 1차원 배열 */ = {
			isa = PBXGroup;
			children = (
				762B87A92D19A03000884CE1 /* 10807.swift */,
				762B87A72D183BB300884CE1 /* 10871.swift */,
				76A72ABD2D3A23610050A3C9 /* 10818.swift */,
				76A72ABF2D3B97E90050A3C9 /* 2562.swift */,
				76A72AC12D3CB2C50050A3C9 /* 10810.swift */,
				76A72AC32D3E2E4C0050A3C9 /* 10813.swift */,
				762B87AB2D1B009700884CE1 /* 5597.swift */,
				76A72AC52D3F596A0050A3C9 /* 3052.swift */,
				76A72AC72D40B2DD0050A3C9 /* 10811.swift */,
				76A72AC92D4216E50050A3C9 /* 1546.swift */,
			);
			path = "4. 1차원 배열";
			sourceTree = "<group>";
		};
		762B87F22D27BEFC00884CE1 /* 5. 문자열 */ = {
			isa = PBXGroup;
			children = (
				762B87E32D240FE400884CE1 /* 27866.swift */,
				762B87B12D1EEBDB00884CE1 /* 2743.swift */,
				762B87E72D265D8800884CE1 /* 9086.swift */,
				762B87AF2D1D686E00884CE1 /* 11654.swift */,
				762B87E52D24DD6600884CE1 /* 11718.swift */,
			);
			path = "5. 문자열";
			sourceTree = "<group>";
		};
		762B87F32D27BF6000884CE1 /* 6. 심화 1 */ = {
			isa = PBXGroup;
			children = (
				76B51B862D0BEAA100F5AD22 /* 25083.swift */,
			);
			path = "6. 심화 1";
			sourceTree = "<group>";
		};
		762B87F42D27BFA000884CE1 /* 7. 2차원 배열 */ = {
			isa = PBXGroup;
			children = (
				762B87AD2D1C4E6D00884CE1 /* 2738.swift */,
			);
			path = "7. 2차원 배열";
			sourceTree = "<group>";
		};
		762B87F52D27C01400884CE1 /* 8. 일반 수학 1 */ = {
			isa = PBXGroup;
			children = (
			);
			path = "8. 일반 수학 1";
			sourceTree = "<group>";
		};
		762B87F62D27C02000884CE1 /* 9. 약수, 배수와 소수 */ = {
			isa = PBXGroup;
			children = (
			);
			path = "9. 약수, 배수와 소수";
			sourceTree = "<group>";
		};
		762B87F72D27C04100884CE1 /* 10. 기하_직사각형과 삼각형 */ = {
			isa = PBXGroup;
			children = (
			);
			path = "10. 기하_직사각형과 삼각형";
			sourceTree = "<group>";
		};
		762B87F82D27C17600884CE1 /* 11. 시간 복잡도 */ = {
			isa = PBXGroup;
			children = (
			);
			path = "11. 시간 복잡도";
			sourceTree = "<group>";
		};
		762B87F92D27C18E00884CE1 /* 12. 브루트 포스 */ = {
			isa = PBXGroup;
			children = (
			);
			path = "12. 브루트 포스";
			sourceTree = "<group>";
		};
		762B87FA2D27C19D00884CE1 /* 13. 정렬 */ = {
			isa = PBXGroup;
			children = (
			);
			path = "13. 정렬";
			sourceTree = "<group>";
		};
		762B87FB2D27C1AB00884CE1 /* 14. 집합과 맵 */ = {
			isa = PBXGroup;
			children = (
			);
			path = "14. 집합과 맵";
			sourceTree = "<group>";
		};
		762B87FC2D27C1C100884CE1 /* 15. 약수, 배수와 소수 2 */ = {
			isa = PBXGroup;
			children = (
			);
			path = "15. 약수, 배수와 소수 2";
			sourceTree = "<group>";
		};
		762B87FD2D27C1CF00884CE1 /* 16. 스택, 큐, 덱 */ = {
			isa = PBXGroup;
			children = (
			);
			path = "16. 스택, 큐, 덱";
			sourceTree = "<group>";
		};
		76FCDF272D08799F00E47010 = {
			isa = PBXGroup;
			children = (
				76FCDF542D087FDD00E47010 /* Algorithm_Swift */,
				76FCDF312D08799F00E47010 /* Products */,
			);
			sourceTree = "<group>";
		};
		76FCDF312D08799F00E47010 /* Products */ = {
			isa = PBXGroup;
			children = (
				76FCDF302D08799F00E47010 /* Algorithm_Swift */,
			);
			name = Products;
			sourceTree = "<group>";
		};
		76FCDF512D087FDD00E47010 /* BOJ */ = {
			isa = PBXGroup;
			children = (
				767C24182D0FF5B200777215 /* 2420.swift */,
				762B87FE2D2908BD00884CE1 /* 2475.swift */,
				767C241A2D11260B00777215 /* 2741.swift */,
				762B87B32D1FFC3000884CE1 /* 2744.swift */,
				762B87D82D215D0200884CE1 /* 2754.swift */,
				764AE0242D0A7CD700CB69ED /* 7287.swift */,
				76FCDF632D092CD100E47010 /* 10699.swift */,
				767C241C2D12E46B00777215 /* 10872.swift */,
				762B87EB2D27B95800884CE1 /* 15964.swift */,
				762B87ED2D27BB6A00884CE1 /* 단계별 */,
			);
			path = BOJ;
			sourceTree = "<group>";
		};
		76FCDF532D087FDD00E47010 /* Programmers */ = {
			isa = PBXGroup;
			children = (
			);
			path = Programmers;
			sourceTree = "<group>";
		};
		76FCDF542D087FDD00E47010 /* Algorithm_Swift */ = {
			isa = PBXGroup;
			children = (
				762B87B52D20024400884CE1 /* main.swift */,
				762B87B72D20478C00884CE1 /* Solvable.swift */,
				762B87DC2D22540E00884CE1 /* Utility */,
				76FCDF512D087FDD00E47010 /* BOJ */,
				76FCDF532D087FDD00E47010 /* Programmers */,
			);
			path = Algorithm_Swift;
			sourceTree = "<group>";
		};
/* End PBXGroup section */

/* Begin PBXNativeTarget section */
		76FCDF2F2D08799F00E47010 /* Algorithm_Swift */ = {
			isa = PBXNativeTarget;
			buildConfigurationList = 76FCDF372D08799F00E47010 /* Build configuration list for PBXNativeTarget "Algorithm_Swift" */;
			buildPhases = (
				76FCDF2C2D08799F00E47010 /* Sources */,
				76FCDF2D2D08799F00E47010 /* Frameworks */,
				76FCDF2E2D08799F00E47010 /* CopyFiles */,
			);
			buildRules = (
			);
			dependencies = (
			);
			name = Algorithm_Swift;
			packageProductDependencies = (
			);
			productName = Algorithm_Swift;
			productReference = 76FCDF302D08799F00E47010 /* Algorithm_Swift */;
			productType = "com.apple.product-type.tool";
		};
/* End PBXNativeTarget section */

/* Begin PBXProject section */
		76FCDF282D08799F00E47010 /* Project object */ = {
			isa = PBXProject;
			attributes = {
				BuildIndependentTargetsInParallel = 1;
				LastSwiftUpdateCheck = 1610;
				LastUpgradeCheck = 1620;
				TargetAttributes = {
					76FCDF2F2D08799F00E47010 = {
						CreatedOnToolsVersion = 16.1;
						LastSwiftMigration = 1620;
					};
				};
			};
			buildConfigurationList = 76FCDF2B2D08799F00E47010 /* Build configuration list for PBXProject "Algorithm_Swift" */;
			developmentRegion = en;
			hasScannedForEncodings = 0;
			knownRegions = (
				en,
				Base,
			);
			mainGroup = 76FCDF272D08799F00E47010;
			minimizedProjectReferenceProxies = 1;
			preferredProjectObjectVersion = 77;
			productRefGroup = 76FCDF312D08799F00E47010 /* Products */;
			projectDirPath = "";
			projectRoot = "";
			targets = (
				76FCDF2F2D08799F00E47010 /* Algorithm_Swift */,
			);
		};
/* End PBXProject section */

/* Begin PBXSourcesBuildPhase section */
		76FCDF2C2D08799F00E47010 /* Sources */ = {
			isa = PBXSourcesBuildPhase;
			buildActionMask = 2147483647;
			files = (
				762B87E42D240FE400884CE1 /* 27866.swift in Sources */,
				762B87C02D21562200884CE1 /* 2557.swift in Sources */,
				76A72ACA2D4216E60050A3C9 /* 1546.swift in Sources */,
				762B87BF2D2153BE00884CE1 /* 2438.swift in Sources */,
				762B87C22D2156D900884CE1 /* 2739.swift in Sources */,
				762B87B62D20024400884CE1 /* main.swift in Sources */,
				762B87B92D20481D00884CE1 /* 2744.swift in Sources */,
				762B87C72D2157EE00884CE1 /* 7287.swift in Sources */,
				762B87EC2D27B95800884CE1 /* 15964.swift in Sources */,
				762B87D12D215A1B00884CE1 /* 10951.swift in Sources */,
				762B87D42D215A9F00884CE1 /* 11382.swift in Sources */,
				762B87C42D21571A00884CE1 /* 2743.swift in Sources */,
				762B87D92D215D0200884CE1 /* 2754.swift in Sources */,
				76A72AC02D3B97E90050A3C9 /* 2562.swift in Sources */,
				76A72AB42D3399740050A3C9 /* 25304.swift in Sources */,
				762B87C82D21582A00884CE1 /* 9498.swift in Sources */,
				762B87D62D215AF800884CE1 /* 14681.swift in Sources */,
				76A72AB82D36191E0050A3C9 /* 11021.swift in Sources */,
				762B87CB2D2158DD00884CE1 /* 10699.swift in Sources */,
				762B87E62D24DD6600884CE1 /* 11718.swift in Sources */,
				762B87D02D2159E000884CE1 /* 10950.swift in Sources */,
				76A72A932D2B90CD0050A3C9 /* 18108.swift in Sources */,
				76A72AB62D34C2610050A3C9 /* 25314.swift in Sources */,
				76A72AC22D3CB2C50050A3C9 /* 10810.swift in Sources */,
				762B87C92D21585600884CE1 /* 10171.swift in Sources */,
				762B87D72D215B2300884CE1 /* 25083.swift in Sources */,
				76A72AC82D40B2DD0050A3C9 /* 10811.swift in Sources */,
				762B87CA2D21588400884CE1 /* 10172.swift in Sources */,
				762B87BC2D21532500884CE1 /* 1008.swift in Sources */,
				762B87CC2D2158F700884CE1 /* 10807.swift in Sources */,
				762B87DE2D22542900884CE1 /* RhynoFileIO.swift in Sources */,
				76A72ABC2D38EBFD0050A3C9 /* 2439.swift in Sources */,
				762B87C52D21577C00884CE1 /* 2753.swift in Sources */,
				76A72A972D2CDF7B0050A3C9 /* 2588.swift in Sources */,
				762B87BA2D2049B000884CE1 /* 1000.swift in Sources */,
				76A72A992D2E38570050A3C9 /* 2884.swift in Sources */,
				76A72ABA2D378B650050A3C9 /* 11022.swift in Sources */,
				762B87FF2D2908BD00884CE1 /* 2475.swift in Sources */,
				76A72A9F2D322DB10050A3C9 /* 8393.swift in Sources */,
				762B87CE2D21597B00884CE1 /* 10871.swift in Sources */,
				76A72ABE2D3A23610050A3C9 /* 10818.swift in Sources */,
				762B87C12D21565600884CE1 /* 2738.swift in Sources */,
				762B87E22D22551500884CE1 /* 15552.swift in Sources */,
				76A72AC62D3F596A0050A3C9 /* 3052.swift in Sources */,
				762B87CD2D21593D00884CE1 /* 10869.swift in Sources */,
				762B87D32D215A6700884CE1 /* 10998.swift in Sources */,
				762B87D52D215ABA00884CE1 /* 11654.swift in Sources */,
				76A72A9D2D30E6F90050A3C9 /* 2480.swift in Sources */,
				762B87BB2D2152F200884CE1 /* 1001.swift in Sources */,
				762B87E82D265D8800884CE1 /* 9086.swift in Sources */,
				762B87C32D2156F800884CE1 /* 2741.swift in Sources */,
				762B87CF2D2159BE00884CE1 /* 10872.swift in Sources */,
				76A72AC42D3E2E4C0050A3C9 /* 10813.swift in Sources */,
				762B87BE2D21539B00884CE1 /* 2420.swift in Sources */,
				76A72A952D2CDCE00050A3C9 /* 10430.swift in Sources */,
				762B87B82D20478C00884CE1 /* Solvable.swift in Sources */,
				76A72A9B2D2F93400050A3C9 /* 2525.swift in Sources */,
				762B87BD2D21535B00884CE1 /* 1330.swift in Sources */,
				762B87C62D2157B800884CE1 /* 5597.swift in Sources */,
				762B88012D2A591300884CE1 /* 10926.swift in Sources */,
				762B87D22D215A3D00884CE1 /* 10952.swift in Sources */,
			);
			runOnlyForDeploymentPostprocessing = 0;
		};
/* End PBXSourcesBuildPhase section */

/* Begin XCBuildConfiguration section */
		76FCDF352D08799F00E47010 /* Debug */ = {
			isa = XCBuildConfiguration;
			buildSettings = {
				ALWAYS_SEARCH_USER_PATHS = NO;
				ASSETCATALOG_COMPILER_GENERATE_SWIFT_ASSET_SYMBOL_EXTENSIONS = YES;
				CLANG_ANALYZER_NONNULL = YES;
				CLANG_ANALYZER_NUMBER_OBJECT_CONVERSION = YES_AGGRESSIVE;
				CLANG_CXX_LANGUAGE_STANDARD = "gnu++20";
				CLANG_ENABLE_MODULES = YES;
				CLANG_ENABLE_OBJC_ARC = YES;
				CLANG_ENABLE_OBJC_WEAK = YES;
				CLANG_WARN_BLOCK_CAPTURE_AUTORELEASING = YES;
				CLANG_WARN_BOOL_CONVERSION = YES;
				CLANG_WARN_COMMA = YES;
				CLANG_WARN_CONSTANT_CONVERSION = YES;
				CLANG_WARN_DEPRECATED_OBJC_IMPLEMENTATIONS = YES;
				CLANG_WARN_DIRECT_OBJC_ISA_USAGE = YES_ERROR;
				CLANG_WARN_DOCUMENTATION_COMMENTS = YES;
				CLANG_WARN_EMPTY_BODY = YES;
				CLANG_WARN_ENUM_CONVERSION = YES;
				CLANG_WARN_INFINITE_RECURSION = YES;
				CLANG_WARN_INT_CONVERSION = YES;
				CLANG_WARN_NON_LITERAL_NULL_CONVERSION = YES;
				CLANG_WARN_OBJC_IMPLICIT_RETAIN_SELF = YES;
				CLANG_WARN_OBJC_LITERAL_CONVERSION = YES;
				CLANG_WARN_OBJC_ROOT_CLASS = YES_ERROR;
				CLANG_WARN_QUOTED_INCLUDE_IN_FRAMEWORK_HEADER = YES;
				CLANG_WARN_RANGE_LOOP_ANALYSIS = YES;
				CLANG_WARN_STRICT_PROTOTYPES = YES;
				CLANG_WARN_SUSPICIOUS_MOVE = YES;
				CLANG_WARN_UNGUARDED_AVAILABILITY = YES_AGGRESSIVE;
				CLANG_WARN_UNREACHABLE_CODE = YES;
				CLANG_WARN__DUPLICATE_METHOD_MATCH = YES;
				COPY_PHASE_STRIP = NO;
				DEAD_CODE_STRIPPING = YES;
				DEBUG_INFORMATION_FORMAT = dwarf;
				ENABLE_STRICT_OBJC_MSGSEND = YES;
				ENABLE_TESTABILITY = YES;
				ENABLE_USER_SCRIPT_SANDBOXING = YES;
				GCC_C_LANGUAGE_STANDARD = gnu17;
				GCC_DYNAMIC_NO_PIC = NO;
				GCC_NO_COMMON_BLOCKS = YES;
				GCC_OPTIMIZATION_LEVEL = 0;
				GCC_PREPROCESSOR_DEFINITIONS = (
					"DEBUG=1",
					"$(inherited)",
				);
				GCC_WARN_64_TO_32_BIT_CONVERSION = YES;
				GCC_WARN_ABOUT_RETURN_TYPE = YES_ERROR;
				GCC_WARN_UNDECLARED_SELECTOR = YES;
				GCC_WARN_UNINITIALIZED_AUTOS = YES_AGGRESSIVE;
				GCC_WARN_UNUSED_FUNCTION = YES;
				GCC_WARN_UNUSED_VARIABLE = YES;
				LOCALIZATION_PREFERS_STRING_CATALOGS = YES;
				MACOSX_DEPLOYMENT_TARGET = 15.1;
				MTL_ENABLE_DEBUG_INFO = INCLUDE_SOURCE;
				MTL_FAST_MATH = YES;
				ONLY_ACTIVE_ARCH = YES;
				SDKROOT = macosx;
				SWIFT_ACTIVE_COMPILATION_CONDITIONS = "DEBUG $(inherited)";
				SWIFT_OPTIMIZATION_LEVEL = "-Onone";
			};
			name = Debug;
		};
		76FCDF362D08799F00E47010 /* Release */ = {
			isa = XCBuildConfiguration;
			buildSettings = {
				ALWAYS_SEARCH_USER_PATHS = NO;
				ASSETCATALOG_COMPILER_GENERATE_SWIFT_ASSET_SYMBOL_EXTENSIONS = YES;
				CLANG_ANALYZER_NONNULL = YES;
				CLANG_ANALYZER_NUMBER_OBJECT_CONVERSION = YES_AGGRESSIVE;
				CLANG_CXX_LANGUAGE_STANDARD = "gnu++20";
				CLANG_ENABLE_MODULES = YES;
				CLANG_ENABLE_OBJC_ARC = YES;
				CLANG_ENABLE_OBJC_WEAK = YES;
				CLANG_WARN_BLOCK_CAPTURE_AUTORELEASING = YES;
				CLANG_WARN_BOOL_CONVERSION = YES;
				CLANG_WARN_COMMA = YES;
				CLANG_WARN_CONSTANT_CONVERSION = YES;
				CLANG_WARN_DEPRECATED_OBJC_IMPLEMENTATIONS = YES;
				CLANG_WARN_DIRECT_OBJC_ISA_USAGE = YES_ERROR;
				CLANG_WARN_DOCUMENTATION_COMMENTS = YES;
				CLANG_WARN_EMPTY_BODY = YES;
				CLANG_WARN_ENUM_CONVERSION = YES;
				CLANG_WARN_INFINITE_RECURSION = YES;
				CLANG_WARN_INT_CONVERSION = YES;
				CLANG_WARN_NON_LITERAL_NULL_CONVERSION = YES;
				CLANG_WARN_OBJC_IMPLICIT_RETAIN_SELF = YES;
				CLANG_WARN_OBJC_LITERAL_CONVERSION = YES;
				CLANG_WARN_OBJC_ROOT_CLASS = YES_ERROR;
				CLANG_WARN_QUOTED_INCLUDE_IN_FRAMEWORK_HEADER = YES;
				CLANG_WARN_RANGE_LOOP_ANALYSIS = YES;
				CLANG_WARN_STRICT_PROTOTYPES = YES;
				CLANG_WARN_SUSPICIOUS_MOVE = YES;
				CLANG_WARN_UNGUARDED_AVAILABILITY = YES_AGGRESSIVE;
				CLANG_WARN_UNREACHABLE_CODE = YES;
				CLANG_WARN__DUPLICATE_METHOD_MATCH = YES;
				COPY_PHASE_STRIP = NO;
				DEAD_CODE_STRIPPING = YES;
				DEBUG_INFORMATION_FORMAT = "dwarf-with-dsym";
				ENABLE_NS_ASSERTIONS = NO;
				ENABLE_STRICT_OBJC_MSGSEND = YES;
				ENABLE_USER_SCRIPT_SANDBOXING = YES;
				GCC_C_LANGUAGE_STANDARD = gnu17;
				GCC_NO_COMMON_BLOCKS = YES;
				GCC_WARN_64_TO_32_BIT_CONVERSION = YES;
				GCC_WARN_ABOUT_RETURN_TYPE = YES_ERROR;
				GCC_WARN_UNDECLARED_SELECTOR = YES;
				GCC_WARN_UNINITIALIZED_AUTOS = YES_AGGRESSIVE;
				GCC_WARN_UNUSED_FUNCTION = YES;
				GCC_WARN_UNUSED_VARIABLE = YES;
				LOCALIZATION_PREFERS_STRING_CATALOGS = YES;
				MACOSX_DEPLOYMENT_TARGET = 15.1;
				MTL_ENABLE_DEBUG_INFO = NO;
				MTL_FAST_MATH = YES;
				SDKROOT = macosx;
				SWIFT_COMPILATION_MODE = wholemodule;
			};
			name = Release;
		};
		76FCDF382D08799F00E47010 /* Debug */ = {
			isa = XCBuildConfiguration;
			buildSettings = {
				CLANG_ENABLE_MODULES = YES;
				CODE_SIGN_STYLE = Automatic;
				DEAD_CODE_STRIPPING = YES;
				DEVELOPMENT_TEAM = 4LTNHNC3S6;
				ENABLE_HARDENED_RUNTIME = YES;
				PRODUCT_NAME = "$(TARGET_NAME)";
				SWIFT_OPTIMIZATION_LEVEL = "-Onone";
				SWIFT_VERSION = 5.0;
			};
			name = Debug;
		};
		76FCDF392D08799F00E47010 /* Release */ = {
			isa = XCBuildConfiguration;
			buildSettings = {
				CLANG_ENABLE_MODULES = YES;
				CODE_SIGN_STYLE = Automatic;
				DEAD_CODE_STRIPPING = YES;
				DEVELOPMENT_TEAM = 4LTNHNC3S6;
				ENABLE_HARDENED_RUNTIME = YES;
				PRODUCT_NAME = "$(TARGET_NAME)";
				SWIFT_VERSION = 5.0;
			};
			name = Release;
		};
/* End XCBuildConfiguration section */

/* Begin XCConfigurationList section */
		76FCDF2B2D08799F00E47010 /* Build configuration list for PBXProject "Algorithm_Swift" */ = {
			isa = XCConfigurationList;
			buildConfigurations = (
				76FCDF352D08799F00E47010 /* Debug */,
				76FCDF362D08799F00E47010 /* Release */,
			);
			defaultConfigurationIsVisible = 0;
			defaultConfigurationName = Release;
		};
		76FCDF372D08799F00E47010 /* Build configuration list for PBXNativeTarget "Algorithm_Swift" */ = {
			isa = XCConfigurationList;
			buildConfigurations = (
				76FCDF382D08799F00E47010 /* Debug */,
				76FCDF392D08799F00E47010 /* Release */,
			);
			defaultConfigurationIsVisible = 0;
			defaultConfigurationName = Release;
		};
/* End XCConfigurationList section */
	};
	rootObject = 76FCDF282D08799F00E47010 /* Project object */;
}
